
Microsoft Visual Studio Solution File, Format Version 12.00
# Visual Studio Version 16
VisualStudioVersion = 16.0.30804.86
MinimumVisualStudioVersion = 10.0.40219.1
Project("{FAE04EC0-301F-11D3-BF4B-00C04F79EFBC}") = "GetStartedC", "GetStartedC\GetStartedC.csproj", "{2A800EFC-0356-473B-96D5-407B9FD4A27A}"
EndProject
Global
	GlobalSection(SolutionConfigurationPlatforms) = preSolution
		Debug|Any CPU = Debug|Any CPU
		Release|Any CPU = Release|Any CPU
	EndGlobalSection
	GlobalSection(ProjectConfigurationPlatforms) = postSolution
		{2A800EFC-0356-473B-96D5-407B9FD4A27A}.Debug|Any CPU.ActiveCfg = Debug|Any CPU
		{2A800EFC-0356-473B-96D5-407B9FD4A27A}.Debug|Any CPU.Build.0 = Debug|Any CPU
		{2A800EFC-0356-473B-96D5-407B9FD4A27A}.Release|Any CPU.ActiveCfg = Release|Any CPU
		{2A800EFC-0356-473B-96D5-407B9FD4A27A}.Release|Any CPU.Build.0 = Release|Any CPU
	EndGlobalSection
	GlobalSection(SolutionProperties) = preSolution
		HideSolutionNode = FALSE
	EndGlobalSection
	GlobalSection(ExtensibilityGlobals) = postSolution
		SolutionGuid = {A01D7C16-8145-47E5-87B4-10BB43A57955}
	EndGlobalSection
EndGlobal
